// !$*UTF8*$!
{
	archiveVersion = 1;
	classes = {
	};
	objectVersion = 46;
	objects = {

/* Begin PBXBuildFile section */
		2B808B471D46581700F05E58 /* CategoryRow.swift in Sources */ = {isa = PBXBuildFile; fileRef = 2B808B461D46581700F05E58 /* CategoryRow.swift */; };
		2B808B491D46636200F05E58 /* CategoryRowCollectionViewCell.swift in Sources */ = {isa = PBXBuildFile; fileRef = 2B808B481D46636200F05E58 /* CategoryRowCollectionViewCell.swift */; };
		2B808B4B1D468A0300F05E58 /* CenterCellCollectionViewFlowLayout.swift in Sources */ = {isa = PBXBuildFile; fileRef = 2B808B4A1D468A0300F05E58 /* CenterCellCollectionViewFlowLayout.swift */; };
		2BA9C6951D43D3DF002D7A2F /* AppDelegate.swift in Sources */ = {isa = PBXBuildFile; fileRef = 2BA9C6941D43D3DF002D7A2F /* AppDelegate.swift */; };
		2BA9C6971D43D3DF002D7A2F /* ViewController.swift in Sources */ = {isa = PBXBuildFile; fileRef = 2BA9C6961D43D3DF002D7A2F /* ViewController.swift */; };
		2BA9C69A1D43D3DF002D7A2F /* Main.storyboard in Resources */ = {isa = PBXBuildFile; fileRef = 2BA9C6981D43D3DF002D7A2F /* Main.storyboard */; };
		2BA9C69C1D43D3DF002D7A2F /* Assets.xcassets in Resources */ = {isa = PBXBuildFile; fileRef = 2BA9C69B1D43D3DF002D7A2F /* Assets.xcassets */; };
		2BA9C69F1D43D3DF002D7A2F /* LaunchScreen.storyboard in Resources */ = {isa = PBXBuildFile; fileRef = 2BA9C69D1D43D3DF002D7A2F /* LaunchScreen.storyboard */; };
		2BA9C6AA1D43D3DF002D7A2F /* NestCollectionViewInsideTableViewTests.swift in Sources */ = {isa = PBXBuildFile; fileRef = 2BA9C6A91D43D3DF002D7A2F /* NestCollectionViewInsideTableViewTests.swift */; };
		2BA9C6B51D43D3DF002D7A2F /* NestCollectionViewInsideTableViewUITests.swift in Sources */ = {isa = PBXBuildFile; fileRef = 2BA9C6B41D43D3DF002D7A2F /* NestCollectionViewInsideTableViewUITests.swift */; };
/* End PBXBuildFile section */

/* Begin PBXContainerItemProxy section */
		2BA9C6A61D43D3DF002D7A2F /* PBXContainerItemProxy */ = {
			isa = PBXContainerItemProxy;
			containerPortal = 2BA9C6891D43D3DF002D7A2F /* Project object */;
			proxyType = 1;
			remoteGlobalIDString = 2BA9C6901D43D3DF002D7A2F;
			remoteInfo = NestCollectionViewInsideTableView;
		};
		2BA9C6B11D43D3DF002D7A2F /* PBXContainerItemProxy */ = {
			isa = PBXContainerItemProxy;
			containerPortal = 2BA9C6891D43D3DF002D7A2F /* Project object */;
			proxyType = 1;
			remoteGlobalIDString = 2BA9C6901D43D3DF002D7A2F;
			remoteInfo = NestCollectionViewInsideTableView;
		};
/* End PBXContainerItemProxy section */

/* Begin PBXFileReference section */
		2B808B461D46581700F05E58 /* CategoryRow.swift */ = {isa = PBXFileReference; fileEncoding = 4; lastKnownFileType = sourcecode.swift; path = CategoryRow.swift; sourceTree = "<group>"; };
		2B808B481D46636200F05E58 /* CategoryRowCollectionViewCell.swift */ = {isa = PBXFileReference; fileEncoding = 4; lastKnownFileType = sourcecode.swift; path = CategoryRowCollectionViewCell.swift; sourceTree = "<group>"; };
		2B808B4A1D468A0300F05E58 /* CenterCellCollectionViewFlowLayout.swift */ = {isa = PBXFileReference; fileEncoding = 4; lastKnownFileType = sourcecode.swift; path = CenterCellCollectionViewFlowLayout.swift; sourceTree = "<group>"; };
		2BA9C6911D43D3DF002D7A2F /* NestCollectionViewInsideTableView.app */ = {isa = PBXFileReference; explicitFileType = wrapper.application; includeInIndex = 0; path = NestCollectionViewInsideTableView.app; sourceTree = BUILT_PRODUCTS_DIR; };
		2BA9C6941D43D3DF002D7A2F /* AppDelegate.swift */ = {isa = PBXFileReference; lastKnownFileType = sourcecode.swift; path = AppDelegate.swift; sourceTree = "<group>"; };
		2BA9C6961D43D3DF002D7A2F /* ViewController.swift */ = {isa = PBXFileReference; lastKnownFileType = sourcecode.swift; path = ViewController.swift; sourceTree = "<group>"; };
		2BA9C6991D43D3DF002D7A2F /* Base */ = {isa = PBXFileReference; lastKnownFileType = file.storyboard; name = Base; path = Base.lproj/Main.storyboard; sourceTree = "<group>"; };
		2BA9C69B1D43D3DF002D7A2F /* Assets.xcassets */ = {isa = PBXFileReference; lastKnownFileType = folder.assetcatalog; path = Assets.xcassets; sourceTree = "<group>"; };
		2BA9C69E1D43D3DF002D7A2F /* Base */ = {isa = PBXFileReference; lastKnownFileType = file.storyboard; name = Base; path = Base.lproj/LaunchScreen.storyboard; sourceTree = "<group>"; };
		2BA9C6A01D43D3DF002D7A2F /* Info.plist */ = {isa = PBXFileReference; lastKnownFileType = text.plist.xml; path = Info.plist; sourceTree = "<group>"; };
		2BA9C6A51D43D3DF002D7A2F /* NestCollectionViewInsideTableViewTests.xctest */ = {isa = PBXFileReference; explicitFileType = wrapper.cfbundle; includeInIndex = 0; path = NestCollectionViewInsideTableViewTests.xctest; sourceTree = BUILT_PRODUCTS_DIR; };
		2BA9C6A91D43D3DF002D7A2F /* NestCollectionViewInsideTableViewTests.swift */ = {isa = PBXFileReference; lastKnownFileType = sourcecode.swift; path = NestCollectionViewInsideTableViewTests.swift; sourceTree = "<group>"; };
		2BA9C6AB1D43D3DF002D7A2F /* Info.plist */ = {isa = PBXFileReference; lastKnownFileType = text.plist.xml; path = Info.plist; sourceTree = "<group>"; };
		2BA9C6B01D43D3DF002D7A2F /* NestCollectionViewInsideTableViewUITests.xctest */ = {isa = PBXFileReference; explicitFileType = wrapper.cfbundle; includeInIndex = 0; path = NestCollectionViewInsideTableViewUITests.xctest; sourceTree = BUILT_PRODUCTS_DIR; };
		2BA9C6B41D43D3DF002D7A2F /* NestCollectionViewInsideTableViewUITests.swift */ = {isa = PBXFileReference; lastKnownFileType = sourcecode.swift; path = NestCollectionViewInsideTableViewUITests.swift; sourceTree = "<group>"; };
		2BA9C6B61D43D3DF002D7A2F /* Info.plist */ = {isa = PBXFileReference; lastKnownFileType = text.plist.xml; path = Info.plist; sourceTree = "<group>"; };
/* End PBXFileReference section */

/* Begin PBXFrameworksBuildPhase section */
		2BA9C68E1D43D3DF002D7A2F /* Frameworks */ = {
			isa = PBXFrameworksBuildPhase;
			buildActionMask = 2147483647;
			files = (
			);
			runOnlyForDeploymentPostprocessing = 0;
		};
		2BA9C6A21D43D3DF002D7A2F /* Frameworks */ = {
			isa = PBXFrameworksBuildPhase;
			buildActionMask = 2147483647;
			files = (
			);
			runOnlyForDeploymentPostprocessing = 0;
		};
		2BA9C6AD1D43D3DF002D7A2F /* Frameworks */ = {
			isa = PBXFrameworksBuildPhase;
			buildActionMask = 2147483647;
			files = (
			);
			runOnlyForDeploymentPostprocessing = 0;
		};
/* End PBXFrameworksBuildPhase section */

/* Begin PBXGroup section */
		2BA9C6881D43D3DF002D7A2F = {
			isa = PBXGroup;
			children = (
				2BA9C6931D43D3DF002D7A2F /* NestCollectionViewInsideTableView */,
				2BA9C6A81D43D3DF002D7A2F /* NestCollectionViewInsideTableViewTests */,
				2BA9C6B31D43D3DF002D7A2F /* NestCollectionViewInsideTableViewUITests */,
				2BA9C6921D43D3DF002D7A2F /* Products */,
			);
			sourceTree = "<group>";
		};
		2BA9C6921D43D3DF002D7A2F /* Products */ = {
			isa = PBXGroup;
			children = (
				2BA9C6911D43D3DF002D7A2F /* NestCollectionViewInsideTableView.app */,
				2BA9C6A51D43D3DF002D7A2F /* NestCollectionViewInsideTableViewTests.xctest */,
				2BA9C6B01D43D3DF002D7A2F /* NestCollectionViewInsideTableViewUITests.xctest */,
			);
			name = Products;
			sourceTree = "<group>";
		};
		2BA9C6931D43D3DF002D7A2F /* NestCollectionViewInsideTableView */ = {
			isa = PBXGroup;
			children = (
				2BA9C6941D43D3DF002D7A2F /* AppDelegate.swift */,
				2BA9C6961D43D3DF002D7A2F /* ViewController.swift */,
				2B808B461D46581700F05E58 /* CategoryRow.swift */,
				2B808B4A1D468A0300F05E58 /* CenterCellCollectionViewFlowLayout.swift */,
				2B808B481D46636200F05E58 /* CategoryRowCollectionViewCell.swift */,
				2BA9C6981D43D3DF002D7A2F /* Main.storyboard */,
				2BA9C69B1D43D3DF002D7A2F /* Assets.xcassets */,
				2BA9C69D1D43D3DF002D7A2F /* LaunchScreen.storyboard */,
				2BA9C6A01D43D3DF002D7A2F /* Info.plist */,
			);
			path = NestCollectionViewInsideTableView;
			sourceTree = "<group>";
		};
		2BA9C6A81D43D3DF002D7A2F /* NestCollectionViewInsideTableViewTests */ = {
			isa = PBXGroup;
			children = (
				2BA9C6A91D43D3DF002D7A2F /* NestCollectionViewInsideTableViewTests.swift */,
				2BA9C6AB1D43D3DF002D7A2F /* Info.plist */,
			);
			path = NestCollectionViewInsideTableViewTests;
			sourceTree = "<group>";
		};
		2BA9C6B31D43D3DF002D7A2F /* NestCollectionViewInsideTableViewUITests */ = {
			isa = PBXGroup;
			children = (
				2BA9C6B41D43D3DF002D7A2F /* NestCollectionViewInsideTableViewUITests.swift */,
				2BA9C6B61D43D3DF002D7A2F /* Info.plist */,
			);
			path = NestCollectionViewInsideTableViewUITests;
			sourceTree = "<group>";
		};
/* End PBXGroup section */

/* Begin PBXNativeTarget section */
		2BA9C6901D43D3DF002D7A2F /* NestCollectionViewInsideTableView */ = {
			isa = PBXNativeTarget;
			buildConfigurationList = 2BA9C6B91D43D3DF002D7A2F /* Build configuration list for PBXNativeTarget "NestCollectionViewInsideTableView" */;
			buildPhases = (
				2BA9C68D1D43D3DF002D7A2F /* Sources */,
				2BA9C68E1D43D3DF002D7A2F /* Frameworks */,
				2BA9C68F1D43D3DF002D7A2F /* Resources */,
			);
			buildRules = (
			);
			dependencies = (
			);
			name = NestCollectionViewInsideTableView;
			productName = NestCollectionViewInsideTableView;
			productReference = 2BA9C6911D43D3DF002D7A2F /* NestCollectionViewInsideTableView.app */;
			productType = "com.apple.product-type.application";
		};
		2BA9C6A41D43D3DF002D7A2F /* NestCollectionViewInsideTableViewTests */ = {
			isa = PBXNativeTarget;
			buildConfigurationList = 2BA9C6BC1D43D3DF002D7A2F /* Build configuration list for PBXNativeTarget "NestCollectionViewInsideTableViewTests" */;
			buildPhases = (
				2BA9C6A11D43D3DF002D7A2F /* Sources */,
				2BA9C6A21D43D3DF002D7A2F /* Frameworks */,
				2BA9C6A31D43D3DF002D7A2F /* Resources */,
			);
			buildRules = (
			);
			dependencies = (
				2BA9C6A71D43D3DF002D7A2F /* PBXTargetDependency */,
			);
			name = NestCollectionViewInsideTableViewTests;
			productName = NestCollectionViewInsideTableViewTests;
			productReference = 2BA9C6A51D43D3DF002D7A2F /* NestCollectionViewInsideTableViewTests.xctest */;
			productType = "com.apple.product-type.bundle.unit-test";
		};
		2BA9C6AF1D43D3DF002D7A2F /* NestCollectionViewInsideTableViewUITests */ = {
			isa = PBXNativeTarget;
			buildConfigurationList = 2BA9C6BF1D43D3DF002D7A2F /* Build configuration list for PBXNativeTarget "NestCollectionViewInsideTableViewUITests" */;
			buildPhases = (
				2BA9C6AC1D43D3DF002D7A2F /* Sources */,
				2BA9C6AD1D43D3DF002D7A2F /* Frameworks */,
				2BA9C6AE1D43D3DF002D7A2F /* Resources */,
			);
			buildRules = (
			);
			dependencies = (
				2BA9C6B21D43D3DF002D7A2F /* PBXTargetDependency */,
			);
			name = NestCollectionViewInsideTableViewUITests;
			productName = NestCollectionViewInsideTableViewUITests;
			productReference = 2BA9C6B01D43D3DF002D7A2F /* NestCollectionViewInsideTableViewUITests.xctest */;
			productType = "com.apple.product-type.bundle.ui-testing";
		};
/* End PBXNativeTarget section */

/* Begin PBXProject section */
		2BA9C6891D43D3DF002D7A2F /* Project object */ = {
			isa = PBXProject;
			attributes = {
				LastSwiftUpdateCheck = 0730;
				LastUpgradeCheck = 0730;
				ORGANIZATIONNAME = "Victor Hong";
				TargetAttributes = {
					2BA9C6901D43D3DF002D7A2F = {
						CreatedOnToolsVersion = 7.3.1;
						DevelopmentTeam = AHJW4W53WY;
					};
					2BA9C6A41D43D3DF002D7A2F = {
						CreatedOnToolsVersion = 7.3.1;
						DevelopmentTeam = AHJW4W53WY;
						TestTargetID = 2BA9C6901D43D3DF002D7A2F;
					};
					2BA9C6AF1D43D3DF002D7A2F = {
						CreatedOnToolsVersion = 7.3.1;
						DevelopmentTeam = AHJW4W53WY;
						TestTargetID = 2BA9C6901D43D3DF002D7A2F;
					};
				};
			};
			buildConfigurationList = 2BA9C68C1D43D3DF002D7A2F /* Build configuration list for PBXProject "NestCollectionViewInsideTableView" */;
			compatibilityVersion = "Xcode 3.2";
			developmentRegion = English;
			hasScannedForEncodings = 0;
			knownRegions = (
				en,
				Base,
			);
			mainGroup = 2BA9C6881D43D3DF002D7A2F;
			productRefGroup = 2BA9C6921D43D3DF002D7A2F /* Products */;
			projectDirPath = "";
			projectRoot = "";
			targets = (
				2BA9C6901D43D3DF002D7A2F /* NestCollectionViewInsideTableView */,
				2BA9C6A41D43D3DF002D7A2F /* NestCollectionViewInsideTableViewTests */,
				2BA9C6AF1D43D3DF002D7A2F /* NestCollectionViewInsideTableViewUITests */,
			);
		};
/* End PBXProject section */

/* Begin PBXResourcesBuildPhase section */
		2BA9C68F1D43D3DF002D7A2F /* Resources */ = {
			isa = PBXResourcesBuildPhase;
			buildActionMask = 2147483647;
			files = (
				2BA9C69F1D43D3DF002D7A2F /* LaunchScreen.storyboard in Resources */,
				2BA9C69C1D43D3DF002D7A2F /* Assets.xcassets in Resources */,
				2BA9C69A1D43D3DF002D7A2F /* Main.storyboard in Resources */,
			);
			runOnlyForDeploymentPostprocessing = 0;
		};
		2BA9C6A31D43D3DF002D7A2F /* Resources */ = {
			isa = PBXResourcesBuildPhase;
			buildActionMask = 2147483647;
			files = (
			);
			runOnlyForDeploymentPostprocessing = 0;
		};
		2BA9C6AE1D43D3DF002D7A2F /* Resources */ = {
			isa = PBXResourcesBuildPhase;
			buildActionMask = 2147483647;
			files = (
			);
			runOnlyForDeploymentPostprocessing = 0;
		};
/* End PBXResourcesBuildPhase section */

/* Begin PBXSourcesBuildPhase section */
		2BA9C68D1D43D3DF002D7A2F /* Sources */ = {
			isa = PBXSourcesBuildPhase;
			buildActionMask = 2147483647;
			files = (
				2BA9C6971D43D3DF002D7A2F /* ViewController.swift in Sources */,
				2B808B471D46581700F05E58 /* CategoryRow.swift in Sources */,
				2BA9C6951D43D3DF002D7A2F /* AppDelegate.swift in Sources */,
				2B808B4B1D468A0300F05E58 /* CenterCellCollectionViewFlowLayout.swift in Sources */,
				2B808B491D46636200F05E58 /* CategoryRowCollectionViewCell.swift in Sources */,
			);
			runOnlyForDeploymentPostprocessing = 0;
		};
		2BA9C6A11D43D3DF002D7A2F /* Sources */ = {
			isa = PBXSourcesBuildPhase;
			buildActionMask = 2147483647;
			files = (
				2BA9C6AA1D43D3DF002D7A2F /* NestCollectionViewInsideTableViewTests.swift in Sources */,
			);
			runOnlyForDeploymentPostprocessing = 0;
		};
		2BA9C6AC1D43D3DF002D7A2F /* Sources */ = {
			isa = PBXSourcesBuildPhase;
			buildActionMask = 2147483647;
			files = (
				2BA9C6B51D43D3DF002D7A2F /* NestCollectionViewInsideTableViewUITests.swift in Sources */,
			);
			runOnlyForDeploymentPostprocessing = 0;
		};
/* End PBXSourcesBuildPhase section */

/* Begin PBXTargetDependency section */
		2BA9C6A71D43D3DF002D7A2F /* PBXTargetDependency */ = {
			isa = PBXTargetDependency;
			target = 2BA9C6901D43D3DF002D7A2F /* NestCollectionViewInsideTableView */;
			targetProxy = 2BA9C6A61D43D3DF002D7A2F /* PBXContainerItemProxy */;
		};
		2BA9C6B21D43D3DF002D7A2F /* PBXTargetDependency */ = {
			isa = PBXTargetDependency;
			target = 2BA9C6901D43D3DF002D7A2F /* NestCollectionViewInsideTableView */;
			targetProxy = 2BA9C6B11D43D3DF002D7A2F /* PBXContainerItemProxy */;
		};
/* End PBXTargetDependency section */

/* Begin PBXVariantGroup section */
		2BA9C6981D43D3DF002D7A2F /* Main.storyboard */ = {
			isa = PBXVariantGroup;
			children = (
				2BA9C6991D43D3DF002D7A2F /* Base */,
			);
			name = Main.storyboard;
			sourceTree = "<group>";
		};
		2BA9C69D1D43D3DF002D7A2F /* LaunchScreen.storyboard */ = {
			isa = PBXVariantGroup;
			children = (
				2BA9C69E1D43D3DF002D7A2F /* Base */,
			);
			name = LaunchScreen.storyboard;
			sourceTree = "<group>";
		};
/* End PBXVariantGroup section */

/* Begin XCBuildConfiguration section */
		2BA9C6B71D43D3DF002D7A2F /* Debug */ = {
			isa = XCBuildConfiguration;
			buildSettings = {
				ALWAYS_SEARCH_USER_PATHS = NO;
				CLANG_ANALYZER_NONNULL = YES;
				CLANG_CXX_LANGUAGE_STANDARD = "gnu++0x";
				CLANG_CXX_LIBRARY = "libc++";
				CLANG_ENABLE_MODULES = YES;
				CLANG_ENABLE_OBJC_ARC = YES;
				CLANG_WARN_BOOL_CONVERSION = YES;
				CLANG_WARN_CONSTANT_CONVERSION = YES;
				CLANG_WARN_DIRECT_OBJC_ISA_USAGE = YES_ERROR;
				CLANG_WARN_EMPTY_BODY = YES;
				CLANG_WARN_ENUM_CONVERSION = YES;
				CLANG_WARN_INT_CONVERSION = YES;
				CLANG_WARN_OBJC_ROOT_CLASS = YES_ERROR;
				CLANG_WARN_UNREACHABLE_CODE = YES;
				CLANG_WARN__DUPLICATE_METHOD_MATCH = YES;
				"CODE_SIGN_IDENTITY[sdk=iphoneos*]" = "iPhone Developer";
				COPY_PHASE_STRIP = NO;
				DEBUG_INFORMATION_FORMAT = dwarf;
				ENABLE_STRICT_OBJC_MSGSEND = YES;
				ENABLE_TESTABILITY = YES;
				GCC_C_LANGUAGE_STANDARD = gnu99;
				GCC_DYNAMIC_NO_PIC = NO;
				GCC_NO_COMMON_BLOCKS = YES;
				GCC_OPTIMIZATION_LEVEL = 0;
				GCC_PREPROCESSOR_DEFINITIONS = (
					"DEBUG=1",
					"$(inherited)",
				);
				GCC_WARN_64_TO_32_BIT_CONVERSION = YES;
				GCC_WARN_ABOUT_RETURN_TYPE = YES_ERROR;
				GCC_WARN_UNDECLARED_SELECTOR = YES;
				GCC_WARN_UNINITIALIZED_AUTOS = YES_AGGRESSIVE;
				GCC_WARN_UNUSED_FUNCTION = YES;
				GCC_WARN_UNUSED_VARIABLE = YES;
				IPHONEOS_DEPLOYMENT_TARGET = 9.3;
				MTL_ENABLE_DEBUG_INFO = YES;
				ONLY_ACTIVE_ARCH = YES;
				SDKROOT = iphoneos;
				SWIFT_OPTIMIZATION_LEVEL = "-Onone";
				TARGETED_DEVICE_FAMILY = "1,2";
			};
			name = Debug;
		};
		2BA9C6B81D43D3DF002D7A2F /* Release */ = {
			isa = XCBuildConfiguration;
			buildSettings = {
				ALWAYS_SEARCH_USER_PATHS = NO;
				CLANG_ANALYZER_NONNULL = YES;
				CLANG_CXX_LANGUAGE_STANDARD = "gnu++0x";
				CLANG_CXX_LIBRARY = "libc++";
				CLANG_ENABLE_MODULES = YES;
				CLANG_ENABLE_OBJC_ARC = YES;
				CLANG_WARN_BOOL_CONVERSION = YES;
				CLANG_WARN_CONSTANT_CONVERSION = YES;
				CLANG_WARN_DIRECT_OBJC_ISA_USAGE = YES_ERROR;
				CLANG_WARN_EMPTY_BODY = YES;
				CLANG_WARN_ENUM_CONVERSION = YES;
				CLANG_WARN_INT_CONVERSION = YES;
				CLANG_WARN_OBJC_ROOT_CLASS = YES_ERROR;
				CLANG_WARN_UNREACHABLE_CODE = YES;
				CLANG_WARN__DUPLICATE_METHOD_MATCH = YES;
				"CODE_SIGN_IDENTITY[sdk=iphoneos*]" = "iPhone Developer";
				COPY_PHASE_STRIP = NO;
				DEBUG_INFORMATION_FORMAT = "dwarf-with-dsym";
				ENABLE_NS_ASSERTIONS = NO;
				ENABLE_STRICT_OBJC_MSGSEND = YES;
				GCC_C_LANGUAGE_STANDARD = gnu99;
				GCC_NO_COMMON_BLOCKS = YES;
				GCC_WARN_64_TO_32_BIT_CONVERSION = YES;
				GCC_WARN_ABOUT_RETURN_TYPE = YES_ERROR;
				GCC_WARN_UNDECLARED_SELECTOR = YES;
				GCC_WARN_UNINITIALIZED_AUTOS = YES_AGGRESSIVE;
				GCC_WARN_UNUSED_FUNCTION = YES;
				GCC_WARN_UNUSED_VARIABLE = YES;
				IPHONEOS_DEPLOYMENT_TARGET = 9.3;
				MTL_ENABLE_DEBUG_INFO = NO;
				SDKROOT = iphoneos;
				TARGETED_DEVICE_FAMILY = "1,2";
				VALIDATE_PRODUCT = YES;
			};
			name = Release;
		};
		2BA9C6BA1D43D3DF002D7A2F /* Debug */ = {
			isa = XCBuildConfiguration;
			buildSettings = {
				ASSETCATALOG_COMPILER_APPICON_NAME = AppIcon;
				INFOPLIST_FILE = NestCollectionViewInsideTableView/Info.plist;
				LD_RUNPATH_SEARCH_PATHS = "$(inherited) @executable_path/Frameworks";
				PRODUCT_BUNDLE_IDENTIFIER = com.victorhong.NestCollectionViewInsideTableView;
				PRODUCT_NAME = "$(TARGET_NAME)";
			};
			name = Debug;
		};
		2BA9C6BB1D43D3DF002D7A2F /* Release */ = {
			isa = XCBuildConfiguration;
			buildSettings = {
				ASSETCATALOG_COMPILER_APPICON_NAME = AppIcon;
				INFOPLIST_FILE = NestCollectionViewInsideTableView/Info.plist;
				LD_RUNPATH_SEARCH_PATHS = "$(inherited) @executable_path/Frameworks";
				PRODUCT_BUNDLE_IDENTIFIER = com.victorhong.NestCollectionViewInsideTableView;
				PRODUCT_NAME = "$(TARGET_NAME)";
			};
			name = Release;
		};
		2BA9C6BD1D43D3DF002D7A2F /* Debug */ = {
			isa = XCBuildConfiguration;
			buildSettings = {
				BUNDLE_LOADER = "$(TEST_HOST)";
				INFOPLIST_FILE = NestCollectionViewInsideTableViewTests/Info.plist;
				LD_RUNPATH_SEARCH_PATHS = "$(inherited) @executable_path/Frameworks @loader_path/Frameworks";
				PRODUCT_BUNDLE_IDENTIFIER = com.victorhong.NestCollectionViewInsideTableViewTests;
				PRODUCT_NAME = "$(TARGET_NAME)";
				TEST_HOST = "$(BUILT_PRODUCTS_DIR)/NestCollectionViewInsideTableView.app/NestCollectionViewInsideTableView";
			};
			name = Debug;
		};
		2BA9C6BE1D43D3DF002D7A2F /* Release */ = {
			isa = XCBuildConfiguration;
			buildSettings = {
				BUNDLE_LOADER = "$(TEST_HOST)";
				INFOPLIST_FILE = NestCollectionViewInsideTableViewTests/Info.plist;
				LD_RUNPATH_SEARCH_PATHS = "$(inherited) @executable_path/Frameworks @loader_path/Frameworks";
				PRODUCT_BUNDLE_IDENTIFIER = com.victorhong.NestCollectionViewInsideTableViewTests;
				PRODUCT_NAME = "$(TARGET_NAME)";
				TEST_HOST = "$(BUILT_PRODUCTS_DIR)/NestCollectionViewInsideTableView.app/NestCollectionViewInsideTableView";
			};
			name = Release;
		};
		2BA9C6C01D43D3DF002D7A2F /* Debug */ = {
			isa = XCBuildConfiguration;
			buildSettings = {
				INFOPLIST_FILE = NestCollectionViewInsideTableViewUITests/Info.plist;
				LD_RUNPATH_SEARCH_PATHS = "$(inherited) @executable_path/Frameworks @loader_path/Frameworks";
				PRODUCT_BUNDLE_IDENTIFIER = com.victorhong.NestCollectionViewInsideTableViewUITests;
				PRODUCT_NAME = "$(TARGET_NAME)";
				TEST_TARGET_NAME = NestCollectionViewInsideTableView;
			};
			name = Debug;
		};
		2BA9C6C11D43D3DF002D7A2F /* Release */ = {
			isa = XCBuildConfiguration;
			buildSettings = {
				INFOPLIST_FILE = NestCollectionViewInsideTableViewUITests/Info.plist;
				LD_RUNPATH_SEARCH_PATHS = "$(inherited) @executable_path/Frameworks @loader_path/Frameworks";
				PRODUCT_BUNDLE_IDENTIFIER = com.victorhong.NestCollectionViewInsideTableViewUITests;
				PRODUCT_NAME = "$(TARGET_NAME)";
				TEST_TARGET_NAME = NestCollectionViewInsideTableView;
			};
			name = Release;
		};
/* End XCBuildConfiguration section */

/* Begin XCConfigurationList section */
		2BA9C68C1D43D3DF002D7A2F /* Build configuration list for PBXProject "NestCollectionViewInsideTableView" */ = {
			isa = XCConfigurationList;
			buildConfigurations = (
				2BA9C6B71D43D3DF002D7A2F /* Debug */,
				2BA9C6B81D43D3DF002D7A2F /* Release */,
			);
			defaultConfigurationIsVisible = 0;
			defaultConfigurationName = Release;
		};
		2BA9C6B91D43D3DF002D7A2F /* Build configuration list for PBXNativeTarget "NestCollectionViewInsideTableView" */ = {
			isa = XCConfigurationList;
			buildConfigurations = (
				2BA9C6BA1D43D3DF002D7A2F /* Debug */,
				2BA9C6BB1D43D3DF002D7A2F /* Release */,
			);
			defaultConfigurationIsVisible = 0;
			defaultConfigurationName = Release;
		};
		2BA9C6BC1D43D3DF002D7A2F /* Build configuration list for PBXNativeTarget "NestCollectionViewInsideTableViewTests" */ = {
			isa = XCConfigurationList;
			buildConfigurations = (
				2BA9C6BD1D43D3DF002D7A2F /* Debug */,
				2BA9C6BE1D43D3DF002D7A2F /* Release */,
			);
			defaultConfigurationIsVisible = 0;
			defaultConfigurationName = Release;
		};
		2BA9C6BF1D43D3DF002D7A2F /* Build configuration list for PBXNativeTarget "NestCollectionViewInsideTableViewUITests" */ = {
			isa = XCConfigurationList;
			buildConfigurations = (
				2BA9C6C01D43D3DF002D7A2F /* Debug */,
				2BA9C6C11D43D3DF002D7A2F /* Release */,
			);
			defaultConfigurationIsVisible = 0;
			defaultConfigurationName = Release;
		};
/* End XCConfigurationList section */
	};
	rootObject = 2BA9C6891D43D3DF002D7A2F /* Project object */;
}
